
Microsoft Visual Studio Solution File, Format Version 12.00
# Visual Studio 15
VisualStudioVersion = 15.0.27703.2047
MinimumVisualStudioVersion = 10.0.40219.1
Project("{F14B399A-7131-4C87-9E4B-1186C45EF12D}") = "Report Project1", "Report Project1\Report Project1.rptproj", "{C50E02BB-7FD2-4570-BD7E-03062FAF288D}"
EndProject
Global
	GlobalSection(SolutionConfigurationPlatforms) = preSolution
		Debug|Default = Debug|Default
		DebugLocal|Default = DebugLocal|Default
		Release|Default = Release|Default
	EndGlobalSection
	GlobalSection(ProjectConfigurationPlatforms) = postSolution
		{C50E02BB-7FD2-4570-BD7E-03062FAF288D}.Debug|Default.ActiveCfg = Debug
		{C50E02BB-7FD2-4570-BD7E-03062FAF288D}.Debug|Default.Build.0 = Debug
		{C50E02BB-7FD2-4570-BD7E-03062FAF288D}.Debug|Default.Deploy.0 = Debug
		{C50E02BB-7FD2-4570-BD7E-03062FAF288D}.DebugLocal|Default.ActiveCfg = DebugLocal
		{C50E02BB-7FD2-4570-BD7E-03062FAF288D}.DebugLocal|Default.Build.0 = DebugLocal
		{C50E02BB-7FD2-4570-BD7E-03062FAF288D}.Release|Default.ActiveCfg = Release
		{C50E02BB-7FD2-4570-BD7E-03062FAF288D}.Release|Default.Build.0 = Release
		{C50E02BB-7FD2-4570-BD7E-03062FAF288D}.Release|Default.Deploy.0 = Release
	EndGlobalSection
	GlobalSection(SolutionProperties) = preSolution
		HideSolutionNode = FALSE
	EndGlobalSection
	GlobalSection(ExtensibilityGlobals) = postSolution
		SolutionGuid = {74D2DB66-1039-45A0-BFB0-AFC060C5F85E}
	EndGlobalSection
EndGlobal
